
Microsoft Visual Studio Solution File, Format Version 12.00
# Visual Studio 14
VisualStudioVersion = 14.0.25420.1
MinimumVisualStudioVersion = 10.0.40219.1
Project("{FAE04EC0-301F-11D3-BF4B-00C04F79EFBC}") = "Objectivizer", "Objectivizer\Objectivizer.csproj", "{29243DF9-A65C-4774-A389-25290F51A797}"
EndProject
Global
	GlobalSection(SolutionConfigurationPlatforms) = preSolution
		Debug|Any CPU = Debug|Any CPU
		Release|Any CPU = Release|Any CPU
	EndGlobalSection
	GlobalSection(ProjectConfigurationPlatforms) = postSolution
		{29243DF9-A65C-4774-A389-25290F51A797}.Debug|Any CPU.ActiveCfg = Debug|Any CPU
		{29243DF9-A65C-4774-A389-25290F51A797}.Debug|Any CPU.Build.0 = Debug|Any CPU
		{29243DF9-A65C-4774-A389-25290F51A797}.Release|Any CPU.ActiveCfg = Release|Any CPU
		{29243DF9-A65C-4774-A389-25290F51A797}.Release|Any CPU.Build.0 = Release|Any CPU
	EndGlobalSection
	GlobalSection(SolutionProperties) = preSolution
		HideSolutionNode = FALSE
	EndGlobalSection
EndGlobal
